
Microsoft Visual Studio Solution File, Format Version 12.00
# Visual Studio Version 16
VisualStudioVersion = 16.0.810.8
MinimumVisualStudioVersion = 10.0.40219.1
Project("{FAE04EC0-301F-11D3-BF4B-00C04F79EFBC}") = "ContactApi", "ContactApi\ContactApi.csproj", "{3314FF24-561D-4E13-9DF0-EB70CBE08234}"
EndProject
Project("{FAE04EC0-301F-11D3-BF4B-00C04F79EFBC}") = "ContactApi.Data", "ContactApi.Data\ContactApi.Data.csproj", "{B3AFB7DB-5228-453B-8D8B-200D9B0430E7}"
EndProject
Project("{FAE04EC0-301F-11D3-BF4B-00C04F79EFBC}") = "ContactApi.Shared", "ContactApi.Shared\ContactApi.Shared.csproj", "{32BDB1B6-7D89-4DD0-97F0-7B0E1C92A354}"
EndProject
Project("{FAE04EC0-301F-11D3-BF4B-00C04F79EFBC}") = "ContactApi.Messaging.Producer", "ContactApi.Messaging.Producer\ContactApi.Messaging.Producer.csproj", "{06D5EB59-AB3A-4C79-952B-E2BB45C23065}"
EndProject
Global
	GlobalSection(SolutionConfigurationPlatforms) = preSolution
		Debug|Any CPU = Debug|Any CPU
		Release|Any CPU = Release|Any CPU
	EndGlobalSection
	GlobalSection(ProjectConfigurationPlatforms) = postSolution
		{3314FF24-561D-4E13-9DF0-EB70CBE08234}.Debug|Any CPU.ActiveCfg = Debug|Any CPU
		{3314FF24-561D-4E13-9DF0-EB70CBE08234}.Debug|Any CPU.Build.0 = Debug|Any CPU
		{3314FF24-561D-4E13-9DF0-EB70CBE08234}.Release|Any CPU.ActiveCfg = Release|Any CPU
		{3314FF24-561D-4E13-9DF0-EB70CBE08234}.Release|Any CPU.Build.0 = Release|Any CPU
		{B3AFB7DB-5228-453B-8D8B-200D9B0430E7}.Debug|Any CPU.ActiveCfg = Debug|Any CPU
		{B3AFB7DB-5228-453B-8D8B-200D9B0430E7}.Debug|Any CPU.Build.0 = Debug|Any CPU
		{B3AFB7DB-5228-453B-8D8B-200D9B0430E7}.Release|Any CPU.ActiveCfg = Release|Any CPU
		{B3AFB7DB-5228-453B-8D8B-200D9B0430E7}.Release|Any CPU.Build.0 = Release|Any CPU
		{32BDB1B6-7D89-4DD0-97F0-7B0E1C92A354}.Debug|Any CPU.ActiveCfg = Debug|Any CPU
		{32BDB1B6-7D89-4DD0-97F0-7B0E1C92A354}.Debug|Any CPU.Build.0 = Debug|Any CPU
		{32BDB1B6-7D89-4DD0-97F0-7B0E1C92A354}.Release|Any CPU.ActiveCfg = Release|Any CPU
		{32BDB1B6-7D89-4DD0-97F0-7B0E1C92A354}.Release|Any CPU.Build.0 = Release|Any CPU
		{06D5EB59-AB3A-4C79-952B-E2BB45C23065}.Debug|Any CPU.ActiveCfg = Debug|Any CPU
		{06D5EB59-AB3A-4C79-952B-E2BB45C23065}.Debug|Any CPU.Build.0 = Debug|Any CPU
		{06D5EB59-AB3A-4C79-952B-E2BB45C23065}.Release|Any CPU.ActiveCfg = Release|Any CPU
		{06D5EB59-AB3A-4C79-952B-E2BB45C23065}.Release|Any CPU.Build.0 = Release|Any CPU
	EndGlobalSection
	GlobalSection(SolutionProperties) = preSolution
		HideSolutionNode = FALSE
	EndGlobalSection
	GlobalSection(ExtensibilityGlobals) = postSolution
		SolutionGuid = {6D75A40E-D11F-4446-813C-75C47723CC97}
	EndGlobalSection
EndGlobal
