
Microsoft Visual Studio Solution File, Format Version 12.00
# Visual Studio Version 16
VisualStudioVersion = 16.0.810.8
MinimumVisualStudioVersion = 10.0.40219.1
Project("{FAE04EC0-301F-11D3-BF4B-00C04F79EFBC}") = "AggregatorApi", "AggregatorApi\AggregatorApi.csproj", "{95645C63-C15E-4805-95FE-03B5CAA68361}"
EndProject
Project("{FAE04EC0-301F-11D3-BF4B-00C04F79EFBC}") = "AggregatorApi.Shared", "AggregatorApi.Shared\AggregatorApi.Shared.csproj", "{0C29D01C-BCC2-456E-93AB-F3D076715AFE}"
EndProject
Global
	GlobalSection(SolutionConfigurationPlatforms) = preSolution
		Debug|Any CPU = Debug|Any CPU
		Release|Any CPU = Release|Any CPU
	EndGlobalSection
	GlobalSection(ProjectConfigurationPlatforms) = postSolution
		{95645C63-C15E-4805-95FE-03B5CAA68361}.Debug|Any CPU.ActiveCfg = Debug|Any CPU
		{95645C63-C15E-4805-95FE-03B5CAA68361}.Debug|Any CPU.Build.0 = Debug|Any CPU
		{95645C63-C15E-4805-95FE-03B5CAA68361}.Release|Any CPU.ActiveCfg = Release|Any CPU
		{95645C63-C15E-4805-95FE-03B5CAA68361}.Release|Any CPU.Build.0 = Release|Any CPU
		{0C29D01C-BCC2-456E-93AB-F3D076715AFE}.Debug|Any CPU.ActiveCfg = Debug|Any CPU
		{0C29D01C-BCC2-456E-93AB-F3D076715AFE}.Debug|Any CPU.Build.0 = Debug|Any CPU
		{0C29D01C-BCC2-456E-93AB-F3D076715AFE}.Release|Any CPU.ActiveCfg = Release|Any CPU
		{0C29D01C-BCC2-456E-93AB-F3D076715AFE}.Release|Any CPU.Build.0 = Release|Any CPU
	EndGlobalSection
	GlobalSection(SolutionProperties) = preSolution
		HideSolutionNode = FALSE
	EndGlobalSection
	GlobalSection(ExtensibilityGlobals) = postSolution
		SolutionGuid = {E6243ABE-2659-489D-AA4A-0D8DF7A92594}
	EndGlobalSection
EndGlobal
